
Microsoft Visual Studio Solution File, Format Version 12.00
# Visual Studio Version 17
VisualStudioVersion = 17.5.33516.290
MinimumVisualStudioVersion = 10.0.40219.1
Project("{FAE04EC0-301F-11D3-BF4B-00C04F79EFBC}") = "pract16", "pract16\pract16.csproj", "{40063186-A1C9-49C6-BC09-30A36CE38E61}"
EndProject
Global
	GlobalSection(SolutionConfigurationPlatforms) = preSolution
		Debug|Any CPU = Debug|Any CPU
		Release|Any CPU = Release|Any CPU
	EndGlobalSection
	GlobalSection(ProjectConfigurationPlatforms) = postSolution
		{40063186-A1C9-49C6-BC09-30A36CE38E61}.Debug|Any CPU.ActiveCfg = Debug|Any CPU
		{40063186-A1C9-49C6-BC09-30A36CE38E61}.Debug|Any CPU.Build.0 = Debug|Any CPU
		{40063186-A1C9-49C6-BC09-30A36CE38E61}.Release|Any CPU.ActiveCfg = Release|Any CPU
		{40063186-A1C9-49C6-BC09-30A36CE38E61}.Release|Any CPU.Build.0 = Release|Any CPU
	EndGlobalSection
	GlobalSection(SolutionProperties) = preSolution
		HideSolutionNode = FALSE
	EndGlobalSection
	GlobalSection(ExtensibilityGlobals) = postSolution
		SolutionGuid = {D8B5F931-44EF-4AEF-8583-7DF974536FCD}
	EndGlobalSection
EndGlobal
